{
  "name": "razorweb",
  "version": "8.3.0",
  "lockfileVersion": 1,
  "requires": true,
  "dependencies": {
    "focusables-selectors": {
      "version": "0.3.1",
      "resolved": "https://registry.npmjs.org/focusable-selectors/-/focusable-selectors-0.3.1.tgz",
      "integrity": "sha512-5JLtr0e1YJIfmnVlpLiG+av07dd0Xkf/KfswsXcei5KmLfdwOysTQsjF058ynXniujb1fvev7nql1x+CkC5ikw=="
    }
  }
}
